{
  "nodes": {
    "home-manager": {
      "inputs": {
        "nixpkgs": [
          "nixpkgs"
        ]
      },
      "locked": {
        "lastModified": 1782051614,
        "narHash": "sha256-xBRAhYLEXcjp8hM2tkkTTLb6PWU7VDxDoogl25g7Ezs=",
        "owner": "nix-community",
        "repo": "home-manager",
        "rev": "d1ccd0721ec599866622665f3651e19e6e2d4c6a",
        "type": "github"
      },
      "original": {
        "owner": "nix-community",
        "repo": "home-manager",
        "type": "github"
      }
    },
    "libnbtplusplus": {
      "flake": false,
      "locked": {
        "lastModified": 1772016279,
        "narHash": "sha256-7itkptyjoRcXfGLwg1/jxajetZ3a4mDc66+w4X6yW8s=",
        "owner": "PrismLauncher",
        "repo": "libnbtplusplus",
        "rev": "687e43031df0dc641984b4256bcca50d5b3f7de3",
        "type": "github"
      },
      "original": {
        "owner": "PrismLauncher",
        "repo": "libnbtplusplus",
        "type": "github"
      }
    },
    "nixpkgs": {
      "locked": {
        "lastModified": 1781577229,
        "narHash": "sha256-lrp67w8AulE9Ks53n27I45ADSzbOCn4H+CNW1Ck8B+8=",
        "owner": "NixOS",
        "repo": "nixpkgs",
        "rev": "567a49d1913ce81ac6e9582e3553dd90a955875f",
        "type": "github"
      },
      "original": {
        "owner": "NixOS",
        "ref": "nixos-unstable",
        "repo": "nixpkgs",
        "type": "github"
      }
    },
    "nixpkgs-dwproton": {
      "locked": {
        "lastModified": 1777285401,
        "narHash": "sha256-mX1YIv5OFb2sfaRLEB5/p2zutk9yW8V10J876Nrmzz8=",
        "owner": "NixOS",
        "repo": "nixpkgs",
        "rev": "439473ea1ab01aac85f99387ce86862fcfbb2993",
        "type": "github"
      },
      "original": {
        "owner": "NixOS",
        "ref": "439473e",
        "repo": "nixpkgs",
        "type": "github"
      }
    },
    "nixpkgs_2": {
      "locked": {
        "lastModified": 1778443072,
        "narHash": "sha256-rNDJzV2JTV5SUTwv1cgKZYMdyoUYU9/YfegSaUf3QfY=",
        "rev": "da5ad661ba4e5ef59ba743f0d112cbc30e474f32",
        "type": "tarball",
        "url": "https://releases.nixos.org/nixos/unstable/nixos-26.05pre995699.da5ad661ba4e/nixexprs.tar.xz"
      },
      "original": {
        "type": "tarball",
        "url": "https://channels.nixos.org/nixos-unstable/nixexprs.tar.xz"
      }
    },
    "pineconemc": {
      "inputs": {
        "libnbtplusplus": "libnbtplusplus",
        "nixpkgs": "nixpkgs_2"
      },
      "locked": {
        "lastModified": 1780606784,
        "narHash": "sha256-eM+9jtzVqetppQF+GdU3TfGl+10PpPSqqeuZZaEGYQU=",
        "owner": "Impqxr",
        "repo": "LauncherNix",
        "rev": "c3b36b9448475190e2dccdbf2b4343e1ad613572",
        "type": "github"
      },
      "original": {
        "owner": "Impqxr",
        "repo": "LauncherNix",
        "type": "github"
      }
    },
    "root": {
      "inputs": {
        "home-manager": "home-manager",
        "nixpkgs": "nixpkgs",
        "nixpkgs-dwproton": "nixpkgs-dwproton",
        "pineconemc": "pineconemc"
      }
    }
  },
  "root": "root",
  "version": 7
}
